
Microsoft Visual Studio Solution File, Format Version 12.00
# Visual Studio Version 16
VisualStudioVersion = 16.0.29324.140
MinimumVisualStudioVersion = 10.0.40219.1
Project("{FAE04EC0-301F-11D3-BF4B-00C04F79EFBC}") = "simple-web-api", "simple-web-api.csproj", "{90D6AFA3-FCB1-436A-8A52-C7124BCC4C4A}"
EndProject
Project("{E53339B2-1760-4266-BCC7-CA923CBCF16C}") = "docker-compose", "docker-compose.dcproj", "{1412F880-A4B7-4781-892C-C7DD96C623CE}"
EndProject
Global
	GlobalSection(SolutionConfigurationPlatforms) = preSolution
		Debug|Any CPU = Debug|Any CPU
		Release|Any CPU = Release|Any CPU
	EndGlobalSection
	GlobalSection(ProjectConfigurationPlatforms) = postSolution
		{90D6AFA3-FCB1-436A-8A52-C7124BCC4C4A}.Debug|Any CPU.ActiveCfg = Debug|Any CPU
		{90D6AFA3-FCB1-436A-8A52-C7124BCC4C4A}.Debug|Any CPU.Build.0 = Debug|Any CPU
		{90D6AFA3-FCB1-436A-8A52-C7124BCC4C4A}.Release|Any CPU.ActiveCfg = Release|Any CPU
		{90D6AFA3-FCB1-436A-8A52-C7124BCC4C4A}.Release|Any CPU.Build.0 = Release|Any CPU
		{1412F880-A4B7-4781-892C-C7DD96C623CE}.Debug|Any CPU.ActiveCfg = Debug|Any CPU
		{1412F880-A4B7-4781-892C-C7DD96C623CE}.Debug|Any CPU.Build.0 = Debug|Any CPU
		{1412F880-A4B7-4781-892C-C7DD96C623CE}.Release|Any CPU.ActiveCfg = Release|Any CPU
		{1412F880-A4B7-4781-892C-C7DD96C623CE}.Release|Any CPU.Build.0 = Release|Any CPU
	EndGlobalSection
	GlobalSection(SolutionProperties) = preSolution
		HideSolutionNode = FALSE
	EndGlobalSection
	GlobalSection(ExtensibilityGlobals) = postSolution
		SolutionGuid = {66C7F526-20AC-4826-B470-788F1AF521F8}
	EndGlobalSection
EndGlobal
